{
  "version": 1,
  "obs": {
    "repo": "https://github.com/obsproject/obs-studio.git",
    "ref": "32.1.2",
    "commit": "fb4d98bf88fae5fc85cb11fc57f7c5e309282194"
  },
  "submodules": {
    "plugins/obs-browser": "ea04212e4bbadd077f9e6038758c4e4779c24fa3",
    "plugins/obs-websocket": "1fcb95b15aa88b1b7e9bda3f9c8650e314377169"
  },
  "buildspec": {
    "obs-deps": "2025-08-23",
    "prebuilt-macos-universal-sha256": "9403bb43fb0a9bb215739a5659ca274fe884dbbbcd22bd9ca781c961fb041c42"
  },
  "arch": "arm64",
  "preset": "producer-macos",
  "fallback": {
    "mode": "official-release-extract",
    "note": "R1 fallback per LIVE-REVIEW.md v1.1.1: local spike engine extracted from the official signed release; source build via producer-macos preset is validated in engine CI.",
    "asset": "OBS-Studio-32.1.2-macOS-Apple.dmg",
    "url": "https://github.com/obsproject/obs-studio/releases/download/32.1.2/OBS-Studio-32.1.2-macOS-Apple.dmg",
    "sha256": "2aeb3aaa99544fefd557f10ac6550e73df71540dd57528b2a1e6f39a55ebacfb"
  },
  "artifact_rev": 5,
  "artifact_adds": [
    "obs-ffmpeg",
    "bin/obs-ffmpeg-mux",
    "mac-virtualcam + camera system extension",
    "vcam placeholder: engine/assets/vcam-placeholder.png replaces upstream's OBS-logo idle image (Windows data/obs-plugins/win-dshow, macOS extension Resources)"
  ],
  "patchsets": [
    {
      "dir": "engine/patches",
      "target": "plugins/obs-browser",
      "sha256": "1581c351ed25c2fbd83a8c1b394fd90a48374102095e10270a2375eb79008438",
      "note": "obs-browser: libdispatch main-thread pump for hosts without a QApplication (macOS), Qt guarded on ENABLE_BROWSER_QT_LOOP (both); Windows: CEF helper exe named by BROWSER_HELPER_OUTPUT_NAME (plugin spawns it by the same name)"
    },
    {
      "dir": "engine/patches/win-dshow",
      "target": ".",
      "sha256": "e8e444c32953d9a1cc9c2d887c57f5383d476939370b66df27673c817c29311c",
      "note": "win-dshow virtual camera: the DirectShow filter's user-visible name is Producer Virtual Camera, not OBS Virtual Camera; output registered unconditionally, filter checked at start (install without restart)"
    }
  ]
}
