{
  "version": 1,
  "obs": {
    "repo": "https://github.com/obsproject/obs-studio.git",
    "ref": "32.1.2",
    "commit": "fb4d98bf88fae5fc85cb11fc57f7c5e309282194"
  },
  "submodules": {
    "plugins/obs-browser": "ea04212e4bbadd077f9e6038758c4e4779c24fa3",
    "plugins/obs-websocket": "1fcb95b15aa88b1b7e9bda3f9c8650e314377169"
  },
  "buildspec": {
    "obs-deps": "2025-08-23",
    "prebuilt-macos-universal-sha256": "9403bb43fb0a9bb215739a5659ca274fe884dbbbcd22bd9ca781c961fb041c42"
  },
  "arch": "arm64",
  "preset": "producer-macos",
  "patchset": {
    "dir": "engine/patches",
    "target": "plugins/obs-browser",
    "sha256": "21281fe9577e52f7297b6831c7ca42d6ef91f152c64c19985100a3dabe662e5d"
  },
  "fallback": {
    "mode": "official-release-extract",
    "note": "R1 fallback per LIVE-REVIEW.md v1.1.1: local spike engine extracted from the official signed release; source build via producer-macos preset is validated in engine CI.",
    "asset": "OBS-Studio-32.1.2-macOS-Apple.dmg",
    "url": "https://github.com/obsproject/obs-studio/releases/download/32.1.2/OBS-Studio-32.1.2-macOS-Apple.dmg",
    "sha256": "2aeb3aaa99544fefd557f10ac6550e73df71540dd57528b2a1e6f39a55ebacfb"
  },
  "artifact_rev": 2,
  "artifact_adds": [
    "obs-ffmpeg",
    "bin/obs-ffmpeg-mux"
  ]
}
